dependencies:
- name: argo-cd
  repository: https://argoproj.github.io/argo-helm
  version: 7.3.11
- name: argocd-image-updater
  repository: https://argoproj.github.io/argo-helm
  version: 0.11.3
digest: sha256:4845496cb426a5d494b625944ec390188e9c48a236577e39b7d865c4fe5fdd34
generated: "2024-12-19T00:55:25.76676738+01:00"
